<?xml version="1.0" encoding="utf-8"?>
<Project ToolsVersion="4.0" xmlns="http://schemas.microsoft.com/developer/msbuild/2003">
  <ItemGroup>
    <Filter Include="리소스 파일">
      <UniqueIdentifier>{67DA6AB6-F800-4c08-8B7A-83BB121AAD01}</UniqueIdentifier>
      <Extensions>rc;ico;cur;bmp;dlg;rc2;rct;bin;rgs;gif;jpg;jpeg;jpe;resx;tiff;tif;png;wav;mfcribbon-ms</Extensions>
    </Filter>
    <Filter Include="main">
      <UniqueIdentifier>{4FC737F1-C7A5-4376-A066-2A32D752A2FF}</UniqueIdentifier>
      <Extensions>cpp;c;cc;cxx;c++;cppm;ixx;def;odl;idl;hpj;bat;asm;asmx</Extensions>
    </Filter>
    <Filter Include="Contents">
      <UniqueIdentifier>{03ed2ad2-0507-4af8-be7d-1e1e903c5867}</UniqueIdentifier>
    </Filter>
    <Filter Include="Engine">
      <UniqueIdentifier>{c91ceb77-46e1-43f8-ba94-2a91cb27464a}</UniqueIdentifier>
    </Filter>
    <Filter Include="Engine\High Level Interface">
      <UniqueIdentifier>{5129d39d-2115-47e3-b7bf-990b273b45e9}</UniqueIdentifier>
    </Filter>
    <Filter Include="Engine\Common">
      <UniqueIdentifier>{ed3573ce-ce06-421e-af9d-56267b3c92f5}</UniqueIdentifier>
    </Filter>
    <Filter Include="Engine\GameObject">
      <UniqueIdentifier>{b399e6ed-ae49-480d-a885-52609cc753cb}</UniqueIdentifier>
    </Filter>
    <Filter Include="Engine\Scene">
      <UniqueIdentifier>{3bb50ae6-e389-4c91-b280-38d4cb8959ba}</UniqueIdentifier>
    </Filter>
    <Filter Include="Engine\Component">
      <UniqueIdentifier>{fa32899e-a3a4-4ea1-abbe-022af5c703a1}</UniqueIdentifier>
    </Filter>
    <Filter Include="Engine\Layer">
      <UniqueIdentifier>{0ce3df16-6516-4ab0-a35d-1b43d2412a8b}</UniqueIdentifier>
    </Filter>
    <Filter Include="Contents\Scene">
      <UniqueIdentifier>{293cdfc0-3cc0-42b4-a6fe-2bbd11b2a301}</UniqueIdentifier>
    </Filter>
    <Filter Include="Contents\Player">
      <UniqueIdentifier>{4e662cf5-689d-4003-a4a5-7502dc6ad32b}</UniqueIdentifier>
    </Filter>
    <Filter Include="Engine\Time">
      <UniqueIdentifier>{030ae055-8d96-4685-81c1-578f48f81db9}</UniqueIdentifier>
    </Filter>
    <Filter Include="Engine\Input">
      <UniqueIdentifier>{479ccca7-b960-4fdb-b721-31d4e9c871e9}</UniqueIdentifier>
    </Filter>
    <Filter Include="Engine\Resource">
      <UniqueIdentifier>{78d13293-ac91-4590-a1ee-b1d0e6a1d414}</UniqueIdentifier>
    </Filter>
    <Filter Include="Engine\Component\Collider">
      <UniqueIdentifier>{e29fa1ce-4e4c-4eda-bb90-553baf7cd34f}</UniqueIdentifier>
    </Filter>
    <Filter Include="Contents\Monster">
      <UniqueIdentifier>{f13c3dce-4f4e-4e53-b5a3-7f3a7c7a4e9b}</UniqueIdentifier>
    </Filter>
    <Filter Include="Engine\Camera">
      <UniqueIdentifier>{4c217e6b-1cc3-4e32-875b-c7dc7e5fe925}</UniqueIdentifier>
    </Filter>
    <Filter Include="Engine\Component\Animator">
      <UniqueIdentifier>{4c5d7bb9-06e7-4915-a85d-782bf5c76633}</UniqueIdentifier>
    </Filter>
    <Filter Include="Engine\Component\Transform">
      <UniqueIdentifier>{3eb75ae8-f46e-4895-9c88-8d3833a7ab14}</UniqueIdentifier>
    </Filter>
    <Filter Include="Contents\Background">
      <UniqueIdentifier>{db0ba780-eb4e-47d3-96e6-31972856707c}</UniqueIdentifier>
    </Filter>
    <Filter Include="Contents\Background\Title">
      <UniqueIdentifier>{e211afe1-b46e-4590-a738-89cd154b0c4b}</UniqueIdentifier>
    </Filter>
    <Filter Include="Contents\Scene\Title">
      <UniqueIdentifier>{81fbbcf5-7438-4df9-96b1-7fc8cf5acb72}</UniqueIdentifier>
    </Filter>
    <Filter Include="Contents\Scene\Town">
      <UniqueIdentifier>{5424e606-7414-43a6-bbdf-406fdf084d6e}</UniqueIdentifier>
    </Filter>
    <Filter Include="Contents\Scene\Building">
      <UniqueIdentifier>{619f660c-7d94-45e4-91c0-493f052d613d}</UniqueIdentifier>
    </Filter>
    <Filter Include="Contents\Background\Town">
      <UniqueIdentifier>{2027f92c-f317-400e-ba04-7f9a2a93550e}</UniqueIdentifier>
    </Filter>
    <Filter Include="Contents\Background\Building">
      <UniqueIdentifier>{f62ef826-38eb-434d-ab35-ac4bfa018ab1}</UniqueIdentifier>
    </Filter>
    <Filter Include="Contents\Background\CommonUI">
      <UniqueIdentifier>{1c87aa25-cdd1-42c3-93b9-392be6967318}</UniqueIdentifier>
    </Filter>
    <Filter Include="Contents\Background\Town\Abbey">
      <UniqueIdentifier>{0e610e88-3bf3-41dc-a3ca-aab9e536cd40}</UniqueIdentifier>
    </Filter>
    <Filter Include="Contents\Background\Town\Blacksmith">
      <UniqueIdentifier>{106eace8-a9dc-4ed2-b428-8f1e67d41964}</UniqueIdentifier>
    </Filter>
    <Filter Include="Contents\Background\Town\Graveyard">
      <UniqueIdentifier>{3e863136-efd7-444b-b9fb-b5290511e741}</UniqueIdentifier>
    </Filter>
    <Filter Include="Contents\Background\Town\Guild">
      <UniqueIdentifier>{ed00596b-b664-4db5-890f-860629654ae9}</UniqueIdentifier>
    </Filter>
    <Filter Include="Contents\Background\Town\Memoirs">
      <UniqueIdentifier>{aee46498-ee9c-4949-b322-bcef2ef79383}</UniqueIdentifier>
    </Filter>
    <Filter Include="Contents\Background\Town\NomadWagon">
      <UniqueIdentifier>{2707f698-17b0-45de-a6bc-7b399a0f255b}</UniqueIdentifier>
    </Filter>
    <Filter Include="Contents\Background\Town\Sanitarium">
      <UniqueIdentifier>{88b3d983-7891-4aa1-af3d-011b09d0253d}</UniqueIdentifier>
    </Filter>
    <Filter Include="Contents\Background\Town\StageCoach">
      <UniqueIdentifier>{898001f0-04a7-471e-b4fc-c38d23a177be}</UniqueIdentifier>
    </Filter>
    <Filter Include="Contents\Background\Town\Survivalist">
      <UniqueIdentifier>{87e8bcb6-9529-4040-846d-52eb1d5f08d4}</UniqueIdentifier>
    </Filter>
    <Filter Include="Contents\Background\Town\Tavern">
      <UniqueIdentifier>{e19a8b35-195a-4e82-903e-2359388a1180}</UniqueIdentifier>
    </Filter>
    <Filter Include="Contents\Background\Town\Abbey\UI">
      <UniqueIdentifier>{95a0e22a-2dc6-4d10-80e4-d7ad38fca8ae}</UniqueIdentifier>
    </Filter>
    <Filter Include="Contents\Background\Town\Blacksmith\UI">
      <UniqueIdentifier>{dd9bebd6-ea1f-4344-bae2-1c22a40c123e}</UniqueIdentifier>
    </Filter>
    <Filter Include="Contents\Background\Town\Graveyard\UI">
      <UniqueIdentifier>{d11e5d60-a35b-4cc2-aada-f7b590f0bdfc}</UniqueIdentifier>
    </Filter>
    <Filter Include="Contents\Background\Town\Guild\UI">
      <UniqueIdentifier>{bdf30838-4601-4902-a677-db2cac53a224}</UniqueIdentifier>
    </Filter>
    <Filter Include="Contents\Background\Town\Memoirs\UI">
      <UniqueIdentifier>{5308dc5c-2630-4f84-8cad-39f7671af851}</UniqueIdentifier>
    </Filter>
    <Filter Include="Contents\Background\Town\NomadWagon\UI">
      <UniqueIdentifier>{0472731f-7ea5-4452-9000-a4f4548f5eab}</UniqueIdentifier>
    </Filter>
    <Filter Include="Contents\Background\Town\Sanitarium\UI">
      <UniqueIdentifier>{cf61b047-5269-42e7-8e3c-31602538669d}</UniqueIdentifier>
    </Filter>
    <Filter Include="Contents\Background\Town\StageCoach\UI">
      <UniqueIdentifier>{5c07050a-27e8-4c99-9b58-0b5bd303475d}</UniqueIdentifier>
    </Filter>
    <Filter Include="Contents\Background\Town\Survivalist\UI">
      <UniqueIdentifier>{e7cb7ff4-9646-4fad-a918-f812caed1361}</UniqueIdentifier>
    </Filter>
    <Filter Include="Contents\Background\Town\Tavern\UI">
      <UniqueIdentifier>{83d1067e-c1f3-45c7-9755-ea76affc4fb1}</UniqueIdentifier>
    </Filter>
    <Filter Include="Contents\Background\SelectDungeon">
      <UniqueIdentifier>{8fea6884-22db-4102-a95e-b2a855c73a1c}</UniqueIdentifier>
    </Filter>
    <Filter Include="Contents\Background\SelectDungeon\UI">
      <UniqueIdentifier>{21de79e9-0877-4427-b089-75fbbb945c16}</UniqueIdentifier>
    </Filter>
    <Filter Include="Contents\Scene\SelectDugeon">
      <UniqueIdentifier>{af7d656a-88ea-46ef-8590-f09c3b688c59}</UniqueIdentifier>
    </Filter>
    <Filter Include="Contents\Background\SelectDungeon\Provision">
      <UniqueIdentifier>{a1042b22-3c82-4152-be9d-972a4f6462d9}</UniqueIdentifier>
    </Filter>
    <Filter Include="Contents\Background\RuinsDungeon">
      <UniqueIdentifier>{b83d923d-dfb1-4c17-af92-039cd04d756a}</UniqueIdentifier>
    </Filter>
    <Filter Include="Contents\Scene\RuinsDungeon">
      <UniqueIdentifier>{a4e36f7e-0c8c-4cb7-a53f-7d90125fdb68}</UniqueIdentifier>
    </Filter>
    <Filter Include="Contents\Background\InfoUI">
      <UniqueIdentifier>{97e29123-e11a-4a7c-989f-0c30168d2019}</UniqueIdentifier>
    </Filter>
    <Filter Include="Contents\Background\InfoUI\HeroInfoUI">
      <UniqueIdentifier>{ca0312cd-638a-4e23-a8b2-ae454d1468d5}</UniqueIdentifier>
    </Filter>
  </ItemGroup>
  <ItemGroup>
    <ClInclude Include="targetver.h">
      <Filter>main</Filter>
    </ClInclude>
    <ClInclude Include="Client.h">
      <Filter>main</Filter>
    </ClInclude>
    <ClInclude Include="framework.h">
      <Filter>main</Filter>
    </ClInclude>
    <ClInclude Include="Resource.h">
      <Filter>main</Filter>
    </ClInclude>
    <ClInclude Include="Application.h">
      <Filter>Engine\High Level Interface</Filter>
    </ClInclude>
    <ClInclude Include="CommonInclude.h">
      <Filter>Engine\Common</Filter>
    </ClInclude>
    <ClInclude Include="Enums.h">
      <Filter>Engine\Common</Filter>
    </ClInclude>
    <ClInclude Include="Math.h">
      <Filter>Engine\Common</Filter>
    </ClInclude>
    <ClInclude Include="Entity.h">
      <Filter>Engine\Common</Filter>
    </ClInclude>
    <ClInclude Include="Engine.h">
      <Filter>Engine\Common</Filter>
    </ClInclude>
    <ClInclude Include="GameObject.h">
      <Filter>Engine\GameObject</Filter>
    </ClInclude>
    <ClInclude Include="Scene.h">
      <Filter>Engine\Scene</Filter>
    </ClInclude>
    <ClInclude Include="Component.h">
      <Filter>Engine\Component</Filter>
    </ClInclude>
    <ClInclude Include="Layer.h">
      <Filter>Engine\Layer</Filter>
    </ClInclude>
    <ClInclude Include="SceneManager.h">
      <Filter>Engine\Scene</Filter>
    </ClInclude>
    <ClInclude Include="Time.h">
      <Filter>Engine\Time</Filter>
    </ClInclude>
    <ClInclude Include="Input.h">
      <Filter>Engine\Input</Filter>
    </ClInclude>
    <ClInclude Include="yaResource.h">
      <Filter>Engine\Resource</Filter>
    </ClInclude>
    <ClInclude Include="Resources.h">
      <Filter>Engine\Resource</Filter>
    </ClInclude>
    <ClInclude Include="Image.h">
      <Filter>Engine\Resource</Filter>
    </ClInclude>
    <ClInclude Include="Collider.h">
      <Filter>Engine\Component\Collider</Filter>
    </ClInclude>
    <ClInclude Include="Monster.h">
      <Filter>Contents\Monster</Filter>
    </ClInclude>
    <ClInclude Include="CollisionManager.h">
      <Filter>Engine\Component\Collider</Filter>
    </ClInclude>
    <ClInclude Include="Camera.h">
      <Filter>Engine\Camera</Filter>
    </ClInclude>
    <ClInclude Include="Object.h">
      <Filter>Engine\GameObject</Filter>
    </ClInclude>
    <ClInclude Include="Animator.h">
      <Filter>Engine\Component\Animator</Filter>
    </ClInclude>
    <ClInclude Include="Animation.h">
      <Filter>Engine\Component\Animator</Filter>
    </ClInclude>
    <ClInclude Include="Transform.h">
      <Filter>Engine\Component\Transform</Filter>
    </ClInclude>
    <ClInclude Include="TitleHouse.h">
      <Filter>Contents\Background\Title</Filter>
    </ClInclude>
    <ClInclude Include="TitleBG.h">
      <Filter>Contents\Background\Title</Filter>
    </ClInclude>
    <ClInclude Include="StartButton.h">
      <Filter>Contents\Background\Title</Filter>
    </ClInclude>
    <ClInclude Include="Logo.h">
      <Filter>Contents\Background\Title</Filter>
    </ClInclude>
    <ClInclude Include="TitleScene.h">
      <Filter>Contents\Scene\Title</Filter>
    </ClInclude>
    <ClInclude Include="TownScene.h">
      <Filter>Contents\Scene\Town</Filter>
    </ClInclude>
    <ClInclude Include="TownBG.h">
      <Filter>Contents\Background\Town</Filter>
    </ClInclude>
    <ClInclude Include="TownGround.h">
      <Filter>Contents\Background\Town</Filter>
    </ClInclude>
    <ClInclude Include="TownRuins.h">
      <Filter>Contents\Background\Town</Filter>
    </ClInclude>
    <ClInclude Include="BuildingsObject.h">
      <Filter>Contents\Background\Building</Filter>
    </ClInclude>
    <ClInclude Include="TownCommonUI1.h">
      <Filter>Contents\Background\CommonUI</Filter>
    </ClInclude>
    <ClInclude Include="AbbeyNPC.h">
      <Filter>Contents\Background\Town\Abbey\UI</Filter>
    </ClInclude>
    <ClInclude Include="AbbeyNPCBG.h">
      <Filter>Contents\Background\Town\Abbey\UI</Filter>
    </ClInclude>
    <ClInclude Include="AbbeyBG.h">
      <Filter>Contents\Background\Town\Abbey</Filter>
    </ClInclude>
    <ClInclude Include="BlacksmithBG.h">
      <Filter>Contents\Background\Town\Blacksmith</Filter>
    </ClInclude>
    <ClInclude Include="BlacksmithFrame.h">
      <Filter>Contents\Background\Town\Blacksmith\UI</Filter>
    </ClInclude>
    <ClInclude Include="BlacksmithNPC.h">
      <Filter>Contents\Background\Town\Blacksmith\UI</Filter>
    </ClInclude>
    <ClInclude Include="BlacksmithNPCBG.h">
      <Filter>Contents\Background\Town\Blacksmith\UI</Filter>
    </ClInclude>
    <ClInclude Include="GraveyardNPC.h">
      <Filter>Contents\Background\Town\Graveyard\UI</Filter>
    </ClInclude>
    <ClInclude Include="GraveyardNPCBG.h">
      <Filter>Contents\Background\Town\Graveyard\UI</Filter>
    </ClInclude>
    <ClInclude Include="GraveyardBG.h">
      <Filter>Contents\Background\Town\Graveyard</Filter>
    </ClInclude>
    <ClInclude Include="GuildBG.h">
      <Filter>Contents\Background\Town\Guild</Filter>
    </ClInclude>
    <ClInclude Include="GuildNPCBG.h">
      <Filter>Contents\Background\Town\Guild\UI</Filter>
    </ClInclude>
    <ClInclude Include="GuildNPC.h">
      <Filter>Contents\Background\Town\Guild\UI</Filter>
    </ClInclude>
    <ClInclude Include="MemoirsNPCBG.h">
      <Filter>Contents\Background\Town\Memoirs\UI</Filter>
    </ClInclude>
    <ClInclude Include="MemoirsNPC.h">
      <Filter>Contents\Background\Town\Memoirs\UI</Filter>
    </ClInclude>
    <ClInclude Include="MemoirsBG.h">
      <Filter>Contents\Background\Town\Memoirs</Filter>
    </ClInclude>
    <ClInclude Include="NomadWagonBG.h">
      <Filter>Contents\Background\Town\NomadWagon</Filter>
    </ClInclude>
    <ClInclude Include="NomadWagonNPC.h">
      <Filter>Contents\Background\Town\NomadWagon\UI</Filter>
    </ClInclude>
    <ClInclude Include="NomadWagonNPCBG.h">
      <Filter>Contents\Background\Town\NomadWagon\UI</Filter>
    </ClInclude>
    <ClInclude Include="SanitariumBG.h">
      <Filter>Contents\Background\Town\Sanitarium</Filter>
    </ClInclude>
    <ClInclude Include="SanitariumNPCBG.h">
      <Filter>Contents\Background\Town\Sanitarium\UI</Filter>
    </ClInclude>
    <ClInclude Include="SanitariumNPC.h">
      <Filter>Contents\Background\Town\Sanitarium\UI</Filter>
    </ClInclude>
    <ClInclude Include="StageCoachBG.h">
      <Filter>Contents\Background\Town\StageCoach</Filter>
    </ClInclude>
    <ClInclude Include="StageCoachNPC.h">
      <Filter>Contents\Background\Town\StageCoach\UI</Filter>
    </ClInclude>
    <ClInclude Include="StageCoachNPCBG.h">
      <Filter>Contents\Background\Town\StageCoach\UI</Filter>
    </ClInclude>
    <ClInclude Include="SurvivalistBG.h">
      <Filter>Contents\Background\Town\Survivalist</Filter>
    </ClInclude>
    <ClInclude Include="SurvivalistNPCBG.h">
      <Filter>Contents\Background\Town\Survivalist\UI</Filter>
    </ClInclude>
    <ClInclude Include="SurvivalistNPC.h">
      <Filter>Contents\Background\Town\Survivalist\UI</Filter>
    </ClInclude>
    <ClInclude Include="TavernBG.h">
      <Filter>Contents\Background\Town\Tavern</Filter>
    </ClInclude>
    <ClInclude Include="TavernNPCBG.h">
      <Filter>Contents\Background\Town\Tavern\UI</Filter>
    </ClInclude>
    <ClInclude Include="TavernNPC.h">
      <Filter>Contents\Background\Town\Tavern\UI</Filter>
    </ClInclude>
    <ClInclude Include="TavernScene.h">
      <Filter>Contents\Scene\Building</Filter>
    </ClInclude>
    <ClInclude Include="AbbeyScene.h">
      <Filter>Contents\Scene\Building</Filter>
    </ClInclude>
    <ClInclude Include="BlacksmithScene.h">
      <Filter>Contents\Scene\Building</Filter>
    </ClInclude>
    <ClInclude Include="GraveyardScene.h">
      <Filter>Contents\Scene\Building</Filter>
    </ClInclude>
    <ClInclude Include="GuildScene.h">
      <Filter>Contents\Scene\Building</Filter>
    </ClInclude>
    <ClInclude Include="MemoirsScene.h">
      <Filter>Contents\Scene\Building</Filter>
    </ClInclude>
    <ClInclude Include="NomadWagonScene.h">
      <Filter>Contents\Scene\Building</Filter>
    </ClInclude>
    <ClInclude Include="SanitariumScene.h">
      <Filter>Contents\Scene\Building</Filter>
    </ClInclude>
    <ClInclude Include="StageCoachScene.h">
      <Filter>Contents\Scene\Building</Filter>
    </ClInclude>
    <ClInclude Include="SurvivalistScene.h">
      <Filter>Contents\Scene\Building</Filter>
    </ClInclude>
    <ClInclude Include="TownCommonUI2.h">
      <Filter>Contents\Background\CommonUI</Filter>
    </ClInclude>
    <ClInclude Include="TripButton.h">
      <Filter>Contents\Background\Town</Filter>
    </ClInclude>
    <ClInclude Include="SelectDungeonBG.h">
      <Filter>Contents\Background\SelectDungeon</Filter>
    </ClInclude>
    <ClInclude Include="SelectDungeonScene.h">
      <Filter>Contents\Scene\SelectDugeon</Filter>
    </ClInclude>
    <ClInclude Include="ProvisionScene.h">
      <Filter>Contents\Scene\SelectDugeon</Filter>
    </ClInclude>
    <ClInclude Include="SelectDungeonUI.h">
      <Filter>Contents\Background\SelectDungeon\UI</Filter>
    </ClInclude>
    <ClInclude Include="ProvisionBG.h">
      <Filter>Contents\Background\SelectDungeon\Provision</Filter>
    </ClInclude>
    <ClInclude Include="ProvisionNPC.h">
      <Filter>Contents\Background\SelectDungeon\Provision</Filter>
    </ClInclude>
    <ClInclude Include="ProvisionInvetory.h">
      <Filter>Contents\Background\SelectDungeon\Provision</Filter>
    </ClInclude>
    <ClInclude Include="ProvisionNPCBG.h">
      <Filter>Contents\Background\SelectDungeon\Provision</Filter>
    </ClInclude>
    <ClInclude Include="RuinsEntranceBG.h">
      <Filter>Contents\Background\RuinsDungeon</Filter>
    </ClInclude>
    <ClInclude Include="InfoUIBG.h">
      <Filter>Contents\Background\InfoUI</Filter>
    </ClInclude>
    <ClInclude Include="CrusaderInfoUI.h">
      <Filter>Contents\Background\InfoUI\HeroInfoUI</Filter>
    </ClInclude>
    <ClInclude Include="HeroInfoUIBG.h">
      <Filter>Contents\Background\InfoUI\HeroInfoUI</Filter>
    </ClInclude>
    <ClInclude Include="DGInventoryBG.h">
      <Filter>Contents\Background\InfoUI</Filter>
    </ClInclude>
    <ClInclude Include="DGMapBG.h">
      <Filter>Contents\Background\InfoUI</Filter>
    </ClInclude>
    <ClInclude Include="Crusader.h">
      <Filter>Contents\Player</Filter>
    </ClInclude>
    <ClInclude Include="HighwayMan.h">
      <Filter>Contents\Player</Filter>
    </ClInclude>
    <ClInclude Include="PlagueDoctor.h">
      <Filter>Contents\Player</Filter>
    </ClInclude>
    <ClInclude Include="Vestal.h">
      <Filter>Contents\Player</Filter>
    </ClInclude>
    <ClInclude Include="RuinsPassageBG.h">
      <Filter>Contents\Background\RuinsDungeon</Filter>
    </ClInclude>
    <ClInclude Include="RuinsEntranceScene.h">
      <Filter>Contents\Scene\RuinsDungeon</Filter>
    </ClInclude>
    <ClInclude Include="RuinsPassageScene.h">
      <Filter>Contents\Scene\RuinsDungeon</Filter>
    </ClInclude>
  </ItemGroup>
  <ItemGroup>
    <ClCompile Include="Application.cpp">
      <Filter>Engine\High Level Interface</Filter>
    </ClCompile>
    <ClCompile Include="Math.cpp">
      <Filter>Engine\Common</Filter>
    </ClCompile>
    <ClCompile Include="Entity.cpp">
      <Filter>Engine\Common</Filter>
    </ClCompile>
    <ClCompile Include="GameObject.cpp">
      <Filter>Engine\GameObject</Filter>
    </ClCompile>
    <ClCompile Include="Scene.cpp">
      <Filter>Engine\Scene</Filter>
    </ClCompile>
    <ClCompile Include="Component.cpp">
      <Filter>Engine\Component</Filter>
    </ClCompile>
    <ClCompile Include="Layer.cpp">
      <Filter>Engine\Layer</Filter>
    </ClCompile>
    <ClCompile Include="SceneManager.cpp">
      <Filter>Engine\Scene</Filter>
    </ClCompile>
    <ClCompile Include="Time.cpp">
      <Filter>Engine\Time</Filter>
    </ClCompile>
    <ClCompile Include="Input.cpp">
      <Filter>Engine\Input</Filter>
    </ClCompile>
    <ClCompile Include="yaResource.cpp">
      <Filter>Engine\Resource</Filter>
    </ClCompile>
    <ClCompile Include="Resources.cpp">
      <Filter>Engine\Resource</Filter>
    </ClCompile>
    <ClCompile Include="Image.cpp">
      <Filter>Engine\Resource</Filter>
    </ClCompile>
    <ClCompile Include="Collider.cpp">
      <Filter>Engine\Component\Collider</Filter>
    </ClCompile>
    <ClCompile Include="Monster.cpp">
      <Filter>Contents\Monster</Filter>
    </ClCompile>
    <ClCompile Include="CollisionManager.cpp">
      <Filter>Engine\Component\Collider</Filter>
    </ClCompile>
    <ClCompile Include="Camera.cpp">
      <Filter>Engine\Camera</Filter>
    </ClCompile>
    <ClCompile Include="Animator.cpp">
      <Filter>Engine\Component\Animator</Filter>
    </ClCompile>
    <ClCompile Include="Animation.cpp">
      <Filter>Engine\Component\Animator</Filter>
    </ClCompile>
    <ClCompile Include="Transform.cpp">
      <Filter>Engine\Component\Transform</Filter>
    </ClCompile>
    <ClCompile Include="TitleHouse.cpp">
      <Filter>Contents\Background\Title</Filter>
    </ClCompile>
    <ClCompile Include="TitleBG.cpp">
      <Filter>Contents\Background\Title</Filter>
    </ClCompile>
    <ClCompile Include="StartButton.cpp">
      <Filter>Contents\Background\Title</Filter>
    </ClCompile>
    <ClCompile Include="Logo.cpp">
      <Filter>Contents\Background\Title</Filter>
    </ClCompile>
    <ClCompile Include="TitleScene.cpp">
      <Filter>Contents\Scene\Title</Filter>
    </ClCompile>
    <ClCompile Include="TownScene.cpp">
      <Filter>Contents\Scene\Town</Filter>
    </ClCompile>
    <ClCompile Include="TownBG.cpp">
      <Filter>Contents\Background\Town</Filter>
    </ClCompile>
    <ClCompile Include="TownGround.cpp">
      <Filter>Contents\Background\Town</Filter>
    </ClCompile>
    <ClCompile Include="TownRuins.cpp">
      <Filter>Contents\Background\Town</Filter>
    </ClCompile>
    <ClCompile Include="BuildingsObject.cpp">
      <Filter>Contents\Background\Building</Filter>
    </ClCompile>
    <ClCompile Include="TownCommonUI1.cpp">
      <Filter>Contents\Background\CommonUI</Filter>
    </ClCompile>
    <ClCompile Include="AbbeyNPC.cpp">
      <Filter>Contents\Background\Town\Abbey\UI</Filter>
    </ClCompile>
    <ClCompile Include="AbbeyNPCBG.cpp">
      <Filter>Contents\Background\Town\Abbey\UI</Filter>
    </ClCompile>
    <ClCompile Include="AbbeyBG.cpp">
      <Filter>Contents\Background\Town\Abbey</Filter>
    </ClCompile>
    <ClCompile Include="BlacksmithBG.cpp">
      <Filter>Contents\Background\Town\Blacksmith</Filter>
    </ClCompile>
    <ClCompile Include="BlacksmithFrame.cpp">
      <Filter>Contents\Background\Town\Blacksmith\UI</Filter>
    </ClCompile>
    <ClCompile Include="BlacksmithNPC.cpp">
      <Filter>Contents\Background\Town\Blacksmith\UI</Filter>
    </ClCompile>
    <ClCompile Include="BlacksmithNPCBG.cpp">
      <Filter>Contents\Background\Town\Blacksmith\UI</Filter>
    </ClCompile>
    <ClCompile Include="GraveyardNPCBG.cpp">
      <Filter>Contents\Background\Town\Graveyard\UI</Filter>
    </ClCompile>
    <ClCompile Include="GraveyardNPC.cpp">
      <Filter>Contents\Background\Town\Graveyard\UI</Filter>
    </ClCompile>
    <ClCompile Include="GraveyardBG.cpp">
      <Filter>Contents\Background\Town\Graveyard</Filter>
    </ClCompile>
    <ClCompile Include="GuildBG.cpp">
      <Filter>Contents\Background\Town\Guild</Filter>
    </ClCompile>
    <ClCompile Include="GuildNPCBG.cpp">
      <Filter>Contents\Background\Town\Guild\UI</Filter>
    </ClCompile>
    <ClCompile Include="GuildNPC.cpp">
      <Filter>Contents\Background\Town\Guild\UI</Filter>
    </ClCompile>
    <ClCompile Include="MemoirsNPCBG.cpp">
      <Filter>Contents\Background\Town\Memoirs\UI</Filter>
    </ClCompile>
    <ClCompile Include="MemoirsNPC.cpp">
      <Filter>Contents\Background\Town\Memoirs\UI</Filter>
    </ClCompile>
    <ClCompile Include="MemoirsBG.cpp">
      <Filter>Contents\Background\Town\Memoirs</Filter>
    </ClCompile>
    <ClCompile Include="NomadWagonBG.cpp">
      <Filter>Contents\Background\Town\NomadWagon</Filter>
    </ClCompile>
    <ClCompile Include="NomadWagonNPC.cpp">
      <Filter>Contents\Background\Town\NomadWagon\UI</Filter>
    </ClCompile>
    <ClCompile Include="NomadWagonNPCBG.cpp">
      <Filter>Contents\Background\Town\NomadWagon\UI</Filter>
    </ClCompile>
    <ClCompile Include="SanitariumBG.cpp">
      <Filter>Contents\Background\Town\Sanitarium</Filter>
    </ClCompile>
    <ClCompile Include="SanitariumNPCBG.cpp">
      <Filter>Contents\Background\Town\Sanitarium\UI</Filter>
    </ClCompile>
    <ClCompile Include="SanitariumNPC.cpp">
      <Filter>Contents\Background\Town\Sanitarium\UI</Filter>
    </ClCompile>
    <ClCompile Include="StageCoachBG.cpp">
      <Filter>Contents\Background\Town\StageCoach</Filter>
    </ClCompile>
    <ClCompile Include="StageCoachNPC.cpp">
      <Filter>Contents\Background\Town\StageCoach\UI</Filter>
    </ClCompile>
    <ClCompile Include="StageCoachNPCBG.cpp">
      <Filter>Contents\Background\Town\StageCoach\UI</Filter>
    </ClCompile>
    <ClCompile Include="SurvivalistBG.cpp">
      <Filter>Contents\Background\Town\Survivalist</Filter>
    </ClCompile>
    <ClCompile Include="SurvivalistNPC.cpp">
      <Filter>Contents\Background\Town\Survivalist\UI</Filter>
    </ClCompile>
    <ClCompile Include="SurvivalistNPCBG.cpp">
      <Filter>Contents\Background\Town\Survivalist\UI</Filter>
    </ClCompile>
    <ClCompile Include="TavernBG.cpp">
      <Filter>Contents\Background\Town\Tavern</Filter>
    </ClCompile>
    <ClCompile Include="TavernNPC.cpp">
      <Filter>Contents\Background\Town\Tavern\UI</Filter>
    </ClCompile>
    <ClCompile Include="TavernNPCBG.cpp">
      <Filter>Contents\Background\Town\Tavern\UI</Filter>
    </ClCompile>
    <ClCompile Include="SurvivalistScene.cpp">
      <Filter>Contents\Scene\Building</Filter>
    </ClCompile>
    <ClCompile Include="SanitariumScene.cpp">
      <Filter>Contents\Scene\Building</Filter>
    </ClCompile>
    <ClCompile Include="StageCoachScene.cpp">
      <Filter>Contents\Scene\Building</Filter>
    </ClCompile>
    <ClCompile Include="TavernScene.cpp">
      <Filter>Contents\Scene\Building</Filter>
    </ClCompile>
    <ClCompile Include="NomadWagonScene.cpp">
      <Filter>Contents\Scene\Building</Filter>
    </ClCompile>
    <ClCompile Include="GraveyardScene.cpp">
      <Filter>Contents\Scene\Building</Filter>
    </ClCompile>
    <ClCompile Include="GuildScene.cpp">
      <Filter>Contents\Scene\Building</Filter>
    </ClCompile>
    <ClCompile Include="MemoirsScene.cpp">
      <Filter>Contents\Scene\Building</Filter>
    </ClCompile>
    <ClCompile Include="BlacksmithScene.cpp">
      <Filter>Contents\Scene\Building</Filter>
    </ClCompile>
    <ClCompile Include="AbbeyScene.cpp">
      <Filter>Contents\Scene\Building</Filter>
    </ClCompile>
    <ClCompile Include="main.cpp">
      <Filter>main</Filter>
    </ClCompile>
    <ClCompile Include="TownCommonUI2.cpp">
      <Filter>Contents\Background\CommonUI</Filter>
    </ClCompile>
    <ClCompile Include="TripButton.cpp">
      <Filter>Contents\Background\Town</Filter>
    </ClCompile>
    <ClCompile Include="SelectDungeonBG.cpp">
      <Filter>Contents\Background\SelectDungeon</Filter>
    </ClCompile>
    <ClCompile Include="SelectDungeonScene.cpp">
      <Filter>Contents\Scene\SelectDugeon</Filter>
    </ClCompile>
    <ClCompile Include="ProvisionScene.cpp">
      <Filter>Contents\Scene\SelectDugeon</Filter>
    </ClCompile>
    <ClCompile Include="SelectDungeonUI.cpp">
      <Filter>Contents\Background\SelectDungeon\UI</Filter>
    </ClCompile>
    <ClCompile Include="ProvisionBG.cpp">
      <Filter>Contents\Background\SelectDungeon\Provision</Filter>
    </ClCompile>
    <ClCompile Include="ProvisionNPC.cpp">
      <Filter>Contents\Background\SelectDungeon\Provision</Filter>
    </ClCompile>
    <ClCompile Include="ProvisionInvetory.cpp">
      <Filter>Contents\Background\SelectDungeon\Provision</Filter>
    </ClCompile>
    <ClCompile Include="ProvisionNPCBG.cpp">
      <Filter>Contents\Background\SelectDungeon\Provision</Filter>
    </ClCompile>
    <ClCompile Include="RuinsEntranceBG.cpp">
      <Filter>Contents\Background\RuinsDungeon</Filter>
    </ClCompile>
    <ClCompile Include="InfoUIBG.cpp">
      <Filter>Contents\Background\InfoUI</Filter>
    </ClCompile>
    <ClCompile Include="CrusaderInfoUI.cpp">
      <Filter>Contents\Background\InfoUI\HeroInfoUI</Filter>
    </ClCompile>
    <ClCompile Include="HeroInfoUIBG.cpp">
      <Filter>Contents\Background\InfoUI\HeroInfoUI</Filter>
    </ClCompile>
    <ClCompile Include="DGInventoryBG.cpp">
      <Filter>Contents\Background\InfoUI</Filter>
    </ClCompile>
    <ClCompile Include="DGMapBG.cpp">
      <Filter>Contents\Background\InfoUI</Filter>
    </ClCompile>
    <ClCompile Include="Vestal.cpp">
      <Filter>Contents\Player</Filter>
    </ClCompile>
    <ClCompile Include="PlagueDoctor.cpp">
      <Filter>Contents\Player</Filter>
    </ClCompile>
    <ClCompile Include="HighwayMan.cpp">
      <Filter>Contents\Player</Filter>
    </ClCompile>
    <ClCompile Include="Crusader.cpp">
      <Filter>Contents\Player</Filter>
    </ClCompile>
    <ClCompile Include="RuinsPassageBG.cpp">
      <Filter>Contents\Background\RuinsDungeon</Filter>
    </ClCompile>
    <ClCompile Include="RuinsEntranceScene.cpp">
      <Filter>Contents\Scene\RuinsDungeon</Filter>
    </ClCompile>
    <ClCompile Include="RuinsPassageScene.cpp">
      <Filter>Contents\Scene\RuinsDungeon</Filter>
    </ClCompile>
  </ItemGroup>
  <ItemGroup>
    <ResourceCompile Include="Client.rc">
      <Filter>리소스 파일</Filter>
    </ResourceCompile>
  </ItemGroup>
  <ItemGroup>
    <Image Include="small.ico">
      <Filter>리소스 파일</Filter>
    </Image>
    <Image Include="Client.ico">
      <Filter>리소스 파일</Filter>
    </Image>
  </ItemGroup>
</Project>